
Microsoft Visual Studio Solution File, Format Version 12.00
# Visual Studio Version 17
VisualStudioVersion = 17.8.34330.188
MinimumVisualStudioVersion = 10.0.40219.1
Project("{FAE04EC0-301F-11D3-BF4B-00C04F79EFBC}") = "WebApplication6", "WebApplication6\WebApplication6.csproj", "{15F00B8A-4128-49E0-A9DB-AC1C77515770}"
EndProject
Global
	GlobalSection(SolutionConfigurationPlatforms) = preSolution
		Debug|Any CPU = Debug|Any CPU
		Release|Any CPU = Release|Any CPU
	EndGlobalSection
	GlobalSection(ProjectConfigurationPlatforms) = postSolution
		{15F00B8A-4128-49E0-A9DB-AC1C77515770}.Debug|Any CPU.ActiveCfg = Debug|Any CPU
		{15F00B8A-4128-49E0-A9DB-AC1C77515770}.Debug|Any CPU.Build.0 = Debug|Any CPU
		{15F00B8A-4128-49E0-A9DB-AC1C77515770}.Release|Any CPU.ActiveCfg = Release|Any CPU
		{15F00B8A-4128-49E0-A9DB-AC1C77515770}.Release|Any CPU.Build.0 = Release|Any CPU
	EndGlobalSection
	GlobalSection(SolutionProperties) = preSolution
		HideSolutionNode = FALSE
	EndGlobalSection
	GlobalSection(ExtensibilityGlobals) = postSolution
		SolutionGuid = {29DB1A99-90A9-496D-B5DF-38BF0FCDEFDA}
	EndGlobalSection
EndGlobal
